
Microsoft Visual Studio Solution File, Format Version 12.00
# Visual Studio Version 17
VisualStudioVersion = 17.5.002.0
MinimumVisualStudioVersion = 10.0.40219.1
Project("{9A19103F-16F7-4668-BE54-9A1E7A4F7556}") = "DezSegundos", "DezSegundos.csproj", "{A8CEAA9B-7CCA-4E3B-87EA-2C5BBF33F19E}"
EndProject
Global
	GlobalSection(SolutionConfigurationPlatforms) = preSolution
		Debug|Any CPU = Debug|Any CPU
		Release|Any CPU = Release|Any CPU
	EndGlobalSection
	GlobalSection(ProjectConfigurationPlatforms) = postSolution
		{A8CEAA9B-7CCA-4E3B-87EA-2C5BBF33F19E}.Debug|Any CPU.ActiveCfg = Debug|Any CPU
		{A8CEAA9B-7CCA-4E3B-87EA-2C5BBF33F19E}.Debug|Any CPU.Build.0 = Debug|Any CPU
		{A8CEAA9B-7CCA-4E3B-87EA-2C5BBF33F19E}.Release|Any CPU.ActiveCfg = Release|Any CPU
		{A8CEAA9B-7CCA-4E3B-87EA-2C5BBF33F19E}.Release|Any CPU.Build.0 = Release|Any CPU
	EndGlobalSection
	GlobalSection(SolutionProperties) = preSolution
		HideSolutionNode = FALSE
	EndGlobalSection
	GlobalSection(ExtensibilityGlobals) = postSolution
		SolutionGuid = {2B995675-B551-441A-AB6B-072CB2DE1B4E}
	EndGlobalSection
EndGlobal
